
Microsoft Visual Studio Solution File, Format Version 12.00
# Visual Studio Version 17
VisualStudioVersion = 17.13.35919.96
MinimumVisualStudioVersion = 10.0.40219.1
Project("{FAE04EC0-301F-11D3-BF4B-00C04F79EFBC}") = "GestorEventosMusicales", "GestorEventosMusicales\GestorEventosMusicales.csproj", "{3B5719FA-AA02-4899-9073-9BCEA043BDE0}"
EndProject
Global
	GlobalSection(SolutionConfigurationPlatforms) = preSolution
		Debug|Any CPU = Debug|Any CPU
		Release|Any CPU = Release|Any CPU
	EndGlobalSection
	GlobalSection(ProjectConfigurationPlatforms) = postSolution
		{3B5719FA-AA02-4899-9073-9BCEA043BDE0}.Debug|Any CPU.ActiveCfg = Debug|Any CPU
		{3B5719FA-AA02-4899-9073-9BCEA043BDE0}.Debug|Any CPU.Build.0 = Debug|Any CPU
		{3B5719FA-AA02-4899-9073-9BCEA043BDE0}.Debug|Any CPU.Deploy.0 = Debug|Any CPU
		{3B5719FA-AA02-4899-9073-9BCEA043BDE0}.Release|Any CPU.ActiveCfg = Release|Any CPU
		{3B5719FA-AA02-4899-9073-9BCEA043BDE0}.Release|Any CPU.Build.0 = Release|Any CPU
		{3B5719FA-AA02-4899-9073-9BCEA043BDE0}.Release|Any CPU.Deploy.0 = Release|Any CPU
	EndGlobalSection
	GlobalSection(SolutionProperties) = preSolution
		HideSolutionNode = FALSE
	EndGlobalSection
	GlobalSection(ExtensibilityGlobals) = postSolution
		SolutionGuid = {04B8AC95-E06B-48D6-8F36-A555F832DC96}
	EndGlobalSection
EndGlobal
